// !$*UTF8*$!
{
	archiveVersion = 1;
	classes = {
	};
	objectVersion = 56;
	objects = {

/* Begin PBXBuildFile section */
		AC6CD58A2BC42C7F0007DDA5 /* AppDelegate.swift in Sources */ = {isa = PBXBuildFile; fileRef = AC6CD5892BC42C7F0007DDA5 /* AppDelegate.swift */; };
		AC6CD58C2BC42C7F0007DDA5 /* SceneDelegate.swift in Sources */ = {isa = PBXBuildFile; fileRef = AC6CD58B2BC42C7F0007DDA5 /* SceneDelegate.swift */; };
		AC6CD58E2BC42C7F0007DDA5 /* ViewController.swift in Sources */ = {isa = PBXBuildFile; fileRef = AC6CD58D2BC42C7F0007DDA5 /* ViewController.swift */; };
		AC6CD5912BC42C7F0007DDA5 /* Main.storyboard in Resources */ = {isa = PBXBuildFile; fileRef = AC6CD58F2BC42C7F0007DDA5 /* Main.storyboard */; };
		AC6CD5932BC42C820007DDA5 /* Assets.xcassets in Resources */ = {isa = PBXBuildFile; fileRef = AC6CD5922BC42C820007DDA5 /* Assets.xcassets */; };
		AC6CD5962BC42C820007DDA5 /* LaunchScreen.storyboard in Resources */ = {isa = PBXBuildFile; fileRef = AC6CD5942BC42C820007DDA5 /* LaunchScreen.storyboard */; };
		AC6CD5A12BC42C820007DDA5 /* UIKIT_SwiftTests.swift in Sources */ = {isa = PBXBuildFile; fileRef = AC6CD5A02BC42C820007DDA5 /* UIKIT_SwiftTests.swift */; };
		AC6CD5AB2BC42C820007DDA5 /* UIKIT_SwiftUITests.swift in Sources */ = {isa = PBXBuildFile; fileRef = AC6CD5AA2BC42C820007DDA5 /* UIKIT_SwiftUITests.swift */; };
		AC6CD5AD2BC42C830007DDA5 /* UIKIT_SwiftUITestsLaunchTests.swift in Sources */ = {isa = PBXBuildFile; fileRef = AC6CD5AC2BC42C830007DDA5 /* UIKIT_SwiftUITestsLaunchTests.swift */; };
/* End PBXBuildFile section */

/* Begin PBXContainerItemProxy section */
		AC6CD59D2BC42C820007DDA5 /* PBXContainerItemProxy */ = {
			isa = PBXContainerItemProxy;
			containerPortal = AC6CD57E2BC42C7F0007DDA5 /* Project object */;
			proxyType = 1;
			remoteGlobalIDString = AC6CD5852BC42C7F0007DDA5;
			remoteInfo = "UIKIT Swift";
		};
		AC6CD5A72BC42C820007DDA5 /* PBXContainerItemProxy */ = {
			isa = PBXContainerItemProxy;
			containerPortal = AC6CD57E2BC42C7F0007DDA5 /* Project object */;
			proxyType = 1;
			remoteGlobalIDString = AC6CD5852BC42C7F0007DDA5;
			remoteInfo = "UIKIT Swift";
		};
/* End PBXContainerItemProxy section */

/* Begin PBXFileReference section */
		AC6CD5862BC42C7F0007DDA5 /* UIKIT Swift.app */ = {isa = PBXFileReference; explicitFileType = wrapper.application; includeInIndex = 0; path = "UIKIT Swift.app"; sourceTree = BUILT_PRODUCTS_DIR; };
		AC6CD5892BC42C7F0007DDA5 /* AppDelegate.swift */ = {isa = PBXFileReference; lastKnownFileType = sourcecode.swift; path = AppDelegate.swift; sourceTree = "<group>"; };
		AC6CD58B2BC42C7F0007DDA5 /* SceneDelegate.swift */ = {isa = PBXFileReference; lastKnownFileType = sourcecode.swift; path = SceneDelegate.swift; sourceTree = "<group>"; };
		AC6CD58D2BC42C7F0007DDA5 /* ViewController.swift */ = {isa = PBXFileReference; lastKnownFileType = sourcecode.swift; path = ViewController.swift; sourceTree = "<group>"; };
		AC6CD5902BC42C7F0007DDA5 /* Base */ = {isa = PBXFileReference; lastKnownFileType = file.storyboard; name = Base; path = Base.lproj/Main.storyboard; sourceTree = "<group>"; };
		AC6CD5922BC42C820007DDA5 /* Assets.xcassets */ = {isa = PBXFileReference; lastKnownFileType = folder.assetcatalog; path = Assets.xcassets; sourceTree = "<group>"; };
		AC6CD5952BC42C820007DDA5 /* Base */ = {isa = PBXFileReference; lastKnownFileType = file.storyboard; name = Base; path = Base.lproj/LaunchScreen.storyboard; sourceTree = "<group>"; };
		AC6CD5972BC42C820007DDA5 /* Info.plist */ = {isa = PBXFileReference; lastKnownFileType = text.plist.xml; path = Info.plist; sourceTree = "<group>"; };
		AC6CD59C2BC42C820007DDA5 /* UIKIT SwiftTests.xctest */ = {isa = PBXFileReference; explicitFileType = wrapper.cfbundle; includeInIndex = 0; path = "UIKIT SwiftTests.xctest"; sourceTree = BUILT_PRODUCTS_DIR; };
		AC6CD5A02BC42C820007DDA5 /* UIKIT_SwiftTests.swift */ = {isa = PBXFileReference; lastKnownFileType = sourcecode.swift; path = UIKIT_SwiftTests.swift; sourceTree = "<group>"; };
		AC6CD5A62BC42C820007DDA5 /* UIKIT SwiftUITests.xctest */ = {isa = PBXFileReference; explicitFileType = wrapper.cfbundle; includeInIndex = 0; path = "UIKIT SwiftUITests.xctest"; sourceTree = BUILT_PRODUCTS_DIR; };
		AC6CD5AA2BC42C820007DDA5 /* UIKIT_SwiftUITests.swift */ = {isa = PBXFileReference; lastKnownFileType = sourcecode.swift; path = UIKIT_SwiftUITests.swift; sourceTree = "<group>"; };
		AC6CD5AC2BC42C830007DDA5 /* UIKIT_SwiftUITestsLaunchTests.swift */ = {isa = PBXFileReference; lastKnownFileType = sourcecode.swift; path = UIKIT_SwiftUITestsLaunchTests.swift; sourceTree = "<group>"; };
/* End PBXFileReference section */

/* Begin PBXFrameworksBuildPhase section */
		AC6CD5832BC42C7F0007DDA5 /* Frameworks */ = {
			isa = PBXFrameworksBuildPhase;
			buildActionMask = 2147483647;
			files = (
			);
			runOnlyForDeploymentPostprocessing = 0;
		};
		AC6CD5992BC42C820007DDA5 /* Frameworks */ = {
			isa = PBXFrameworksBuildPhase;
			buildActionMask = 2147483647;
			files = (
			);
			runOnlyForDeploymentPostprocessing = 0;
		};
		AC6CD5A32BC42C820007DDA5 /* Frameworks */ = {
			isa = PBXFrameworksBuildPhase;
			buildActionMask = 2147483647;
			files = (
			);
			runOnlyForDeploymentPostprocessing = 0;
		};
/* End PBXFrameworksBuildPhase section */

/* Begin PBXGroup section */
		AC6CD57D2BC42C7F0007DDA5 = {
			isa = PBXGroup;
			children = (
				AC6CD5882BC42C7F0007DDA5 /* UIKIT Swift */,
				AC6CD59F2BC42C820007DDA5 /* UIKIT SwiftTests */,
				AC6CD5A92BC42C820007DDA5 /* UIKIT SwiftUITests */,
				AC6CD5872BC42C7F0007DDA5 /* Products */,
			);
			sourceTree = "<group>";
		};
		AC6CD5872BC42C7F0007DDA5 /* Products */ = {
			isa = PBXGroup;
			children = (
				AC6CD5862BC42C7F0007DDA5 /* UIKIT Swift.app */,
				AC6CD59C2BC42C820007DDA5 /* UIKIT SwiftTests.xctest */,
				AC6CD5A62BC42C820007DDA5 /* UIKIT SwiftUITests.xctest */,
			);
			name = Products;
			sourceTree = "<group>";
		};
		AC6CD5882BC42C7F0007DDA5 /* UIKIT Swift */ = {
			isa = PBXGroup;
			children = (
				AC6CD5892BC42C7F0007DDA5 /* AppDelegate.swift */,
				AC6CD58B2BC42C7F0007DDA5 /* SceneDelegate.swift */,
				AC6CD58D2BC42C7F0007DDA5 /* ViewController.swift */,
				AC6CD58F2BC42C7F0007DDA5 /* Main.storyboard */,
				AC6CD5922BC42C820007DDA5 /* Assets.xcassets */,
				AC6CD5942BC42C820007DDA5 /* LaunchScreen.storyboard */,
				AC6CD5972BC42C820007DDA5 /* Info.plist */,
			);
			path = "UIKIT Swift";
			sourceTree = "<group>";
		};
		AC6CD59F2BC42C820007DDA5 /* UIKIT SwiftTests */ = {
			isa = PBXGroup;
			children = (
				AC6CD5A02BC42C820007DDA5 /* UIKIT_SwiftTests.swift */,
			);
			path = "UIKIT SwiftTests";
			sourceTree = "<group>";
		};
		AC6CD5A92BC42C820007DDA5 /* UIKIT SwiftUITests */ = {
			isa = PBXGroup;
			children = (
				AC6CD5AA2BC42C820007DDA5 /* UIKIT_SwiftUITests.swift */,
				AC6CD5AC2BC42C830007DDA5 /* UIKIT_SwiftUITestsLaunchTests.swift */,
			);
			path = "UIKIT SwiftUITests";
			sourceTree = "<group>";
		};
/* End PBXGroup section */

/* Begin PBXNativeTarget section */
		AC6CD5852BC42C7F0007DDA5 /* UIKIT Swift */ = {
			isa = PBXNativeTarget;
			buildConfigurationList = AC6CD5B02BC42C830007DDA5 /* Build configuration list for PBXNativeTarget "UIKIT Swift" */;
			buildPhases = (
				AC6CD5822BC42C7F0007DDA5 /* Sources */,
				AC6CD5832BC42C7F0007DDA5 /* Frameworks */,
				AC6CD5842BC42C7F0007DDA5 /* Resources */,
			);
			buildRules = (
			);
			dependencies = (
			);
			name = "UIKIT Swift";
			productName = "UIKIT Swift";
			productReference = AC6CD5862BC42C7F0007DDA5 /* UIKIT Swift.app */;
			productType = "com.apple.product-type.application";
		};
		AC6CD59B2BC42C820007DDA5 /* UIKIT SwiftTests */ = {
			isa = PBXNativeTarget;
			buildConfigurationList = AC6CD5B32BC42C830007DDA5 /* Build configuration list for PBXNativeTarget "UIKIT SwiftTests" */;
			buildPhases = (
				AC6CD5982BC42C820007DDA5 /* Sources */,
				AC6CD5992BC42C820007DDA5 /* Frameworks */,
				AC6CD59A2BC42C820007DDA5 /* Resources */,
			);
			buildRules = (
			);
			dependencies = (
				AC6CD59E2BC42C820007DDA5 /* PBXTargetDependency */,
			);
			name = "UIKIT SwiftTests";
			productName = "UIKIT SwiftTests";
			productReference = AC6CD59C2BC42C820007DDA5 /* UIKIT SwiftTests.xctest */;
			productType = "com.apple.product-type.bundle.unit-test";
		};
		AC6CD5A52BC42C820007DDA5 /* UIKIT SwiftUITests */ = {
			isa = PBXNativeTarget;
			buildConfigurationList = AC6CD5B62BC42C830007DDA5 /* Build configuration list for PBXNativeTarget "UIKIT SwiftUITests" */;
			buildPhases = (
				AC6CD5A22BC42C820007DDA5 /* Sources */,
				AC6CD5A32BC42C820007DDA5 /* Frameworks */,
				AC6CD5A42BC42C820007DDA5 /* Resources */,
			);
			buildRules = (
			);
			dependencies = (
				AC6CD5A82BC42C820007DDA5 /* PBXTargetDependency */,
			);
			name = "UIKIT SwiftUITests";
			productName = "UIKIT SwiftUITests";
			productReference = AC6CD5A62BC42C820007DDA5 /* UIKIT SwiftUITests.xctest */;
			productType = "com.apple.product-type.bundle.ui-testing";
		};
/* End PBXNativeTarget section */

/* Begin PBXProject section */
		AC6CD57E2BC42C7F0007DDA5 /* Project object */ = {
			isa = PBXProject;
			attributes = {
				BuildIndependentTargetsInParallel = 1;
				LastSwiftUpdateCheck = 1430;
				LastUpgradeCheck = 1430;
				TargetAttributes = {
					AC6CD5852BC42C7F0007DDA5 = {
						CreatedOnToolsVersion = 14.3.1;
					};
					AC6CD59B2BC42C820007DDA5 = {
						CreatedOnToolsVersion = 14.3.1;
						TestTargetID = AC6CD5852BC42C7F0007DDA5;
					};
					AC6CD5A52BC42C820007DDA5 = {
						CreatedOnToolsVersion = 14.3.1;
						TestTargetID = AC6CD5852BC42C7F0007DDA5;
					};
				};
			};
			buildConfigurationList = AC6CD5812BC42C7F0007DDA5 /* Build configuration list for PBXProject "UIKIT Swift" */;
			compatibilityVersion = "Xcode 14.0";
			developmentRegion = en;
			hasScannedForEncodings = 0;
			knownRegions = (
				en,
				Base,
			);
			mainGroup = AC6CD57D2BC42C7F0007DDA5;
			productRefGroup = AC6CD5872BC42C7F0007DDA5 /* Products */;
			projectDirPath = "";
			projectRoot = "";
			targets = (
				AC6CD5852BC42C7F0007DDA5 /* UIKIT Swift */,
				AC6CD59B2BC42C820007DDA5 /* UIKIT SwiftTests */,
				AC6CD5A52BC42C820007DDA5 /* UIKIT SwiftUITests */,
			);
		};
/* End PBXProject section */

/* Begin PBXResourcesBuildPhase section */
		AC6CD5842BC42C7F0007DDA5 /* Resources */ = {
			isa = PBXResourcesBuildPhase;
			buildActionMask = 2147483647;
			files = (
				AC6CD5962BC42C820007DDA5 /* LaunchScreen.storyboard in Resources */,
				AC6CD5932BC42C820007DDA5 /* Assets.xcassets in Resources */,
				AC6CD5912BC42C7F0007DDA5 /* Main.storyboard in Resources */,
			);
			runOnlyForDeploymentPostprocessing = 0;
		};
		AC6CD59A2BC42C820007DDA5 /* Resources */ = {
			isa = PBXResourcesBuildPhase;
			buildActionMask = 2147483647;
			files = (
			);
			runOnlyForDeploymentPostprocessing = 0;
		};
		AC6CD5A42BC42C820007DDA5 /* Resources */ = {
			isa = PBXResourcesBuildPhase;
			buildActionMask = 2147483647;
			files = (
			);
			runOnlyForDeploymentPostprocessing = 0;
		};
/* End PBXResourcesBuildPhase section */

/* Begin PBXSourcesBuildPhase section */
		AC6CD5822BC42C7F0007DDA5 /* Sources */ = {
			isa = PBXSourcesBuildPhase;
			buildActionMask = 2147483647;
			files = (
				AC6CD58E2BC42C7F0007DDA5 /* ViewController.swift in Sources */,
				AC6CD58A2BC42C7F0007DDA5 /* AppDelegate.swift in Sources */,
				AC6CD58C2BC42C7F0007DDA5 /* SceneDelegate.swift in Sources */,
			);
			runOnlyForDeploymentPostprocessing = 0;
		};
		AC6CD5982BC42C820007DDA5 /* Sources */ = {
			isa = PBXSourcesBuildPhase;
			buildActionMask = 2147483647;
			files = (
				AC6CD5A12BC42C820007DDA5 /* UIKIT_SwiftTests.swift in Sources */,
			);
			runOnlyForDeploymentPostprocessing = 0;
		};
		AC6CD5A22BC42C820007DDA5 /* Sources */ = {
			isa = PBXSourcesBuildPhase;
			buildActionMask = 2147483647;
			files = (
				AC6CD5AB2BC42C820007DDA5 /* UIKIT_SwiftUITests.swift in Sources */,
				AC6CD5AD2BC42C830007DDA5 /* UIKIT_SwiftUITestsLaunchTests.swift in Sources */,
			);
			runOnlyForDeploymentPostprocessing = 0;
		};
/* End PBXSourcesBuildPhase section */

/* Begin PBXTargetDependency section */
		AC6CD59E2BC42C820007DDA5 /* PBXTargetDependency */ = {
			isa = PBXTargetDependency;
			target = AC6CD5852BC42C7F0007DDA5 /* UIKIT Swift */;
			targetProxy = AC6CD59D2BC42C820007DDA5 /* PBXContainerItemProxy */;
		};
		AC6CD5A82BC42C820007DDA5 /* PBXTargetDependency */ = {
			isa = PBXTargetDependency;
			target = AC6CD5852BC42C7F0007DDA5 /* UIKIT Swift */;
			targetProxy = AC6CD5A72BC42C820007DDA5 /* PBXContainerItemProxy */;
		};
/* End PBXTargetDependency section */

/* Begin PBXVariantGroup section */
		AC6CD58F2BC42C7F0007DDA5 /* Main.storyboard */ = {
			isa = PBXVariantGroup;
			children = (
				AC6CD5902BC42C7F0007DDA5 /* Base */,
			);
			name = Main.storyboard;
			sourceTree = "<group>";
		};
		AC6CD5942BC42C820007DDA5 /* LaunchScreen.storyboard */ = {
			isa = PBXVariantGroup;
			children = (
				AC6CD5952BC42C820007DDA5 /* Base */,
			);
			name = LaunchScreen.storyboard;
			sourceTree = "<group>";
		};
/* End PBXVariantGroup section */

/* Begin XCBuildConfiguration section */
		AC6CD5AE2BC42C830007DDA5 /* Debug */ = {
			isa = XCBuildConfiguration;
			buildSettings = {
				ALWAYS_SEARCH_USER_PATHS = NO;
				CLANG_ANALYZER_NONNULL = YES;
				CLANG_ANALYZER_NUMBER_OBJECT_CONVERSION = YES_AGGRESSIVE;
				CLANG_CXX_LANGUAGE_STANDARD = "gnu++20";
				CLANG_ENABLE_MODULES = YES;
				CLANG_ENABLE_OBJC_ARC = YES;
				CLANG_ENABLE_OBJC_WEAK = YES;
				CLANG_WARN_BLOCK_CAPTURE_AUTORELEASING = YES;
				CLANG_WARN_BOOL_CONVERSION = YES;
				CLANG_WARN_COMMA = YES;
				CLANG_WARN_CONSTANT_CONVERSION = YES;
				CLANG_WARN_DEPRECATED_OBJC_IMPLEMENTATIONS = YES;
				CLANG_WARN_DIRECT_OBJC_ISA_USAGE = YES_ERROR;
				CLANG_WARN_DOCUMENTATION_COMMENTS = YES;
				CLANG_WARN_EMPTY_BODY = YES;
				CLANG_WARN_ENUM_CONVERSION = YES;
				CLANG_WARN_INFINITE_RECURSION = YES;
				CLANG_WARN_INT_CONVERSION = YES;
				CLANG_WARN_NON_LITERAL_NULL_CONVERSION = YES;
				CLANG_WARN_OBJC_IMPLICIT_RETAIN_SELF = YES;
				CLANG_WARN_OBJC_LITERAL_CONVERSION = YES;
				CLANG_WARN_OBJC_ROOT_CLASS = YES_ERROR;
				CLANG_WARN_QUOTED_INCLUDE_IN_FRAMEWORK_HEADER = YES;
				CLANG_WARN_RANGE_LOOP_ANALYSIS = YES;
				CLANG_WARN_STRICT_PROTOTYPES = YES;
				CLANG_WARN_SUSPICIOUS_MOVE = YES;
				CLANG_WARN_UNGUARDED_AVAILABILITY = YES_AGGRESSIVE;
				CLANG_WARN_UNREACHABLE_CODE = YES;
				CLANG_WARN__DUPLICATE_METHOD_MATCH = YES;
				COPY_PHASE_STRIP = NO;
				DEBUG_INFORMATION_FORMAT = dwarf;
				ENABLE_STRICT_OBJC_MSGSEND = YES;
				ENABLE_TESTABILITY = YES;
				GCC_C_LANGUAGE_STANDARD = gnu11;
				GCC_DYNAMIC_NO_PIC = NO;
				GCC_NO_COMMON_BLOCKS = YES;
				GCC_OPTIMIZATION_LEVEL = 0;
				GCC_PREPROCESSOR_DEFINITIONS = (
					"DEBUG=1",
					"$(inherited)",
				);
				GCC_WARN_64_TO_32_BIT_CONVERSION = YES;
				GCC_WARN_ABOUT_RETURN_TYPE = YES_ERROR;
				GCC_WARN_UNDECLARED_SELECTOR = YES;
				GCC_WARN_UNINITIALIZED_AUTOS = YES_AGGRESSIVE;
				GCC_WARN_UNUSED_FUNCTION = YES;
				GCC_WARN_UNUSED_VARIABLE = YES;
				IPHONEOS_DEPLOYMENT_TARGET = 16.4;
				MTL_ENABLE_DEBUG_INFO = INCLUDE_SOURCE;
				MTL_FAST_MATH = YES;
				ONLY_ACTIVE_ARCH = YES;
				SDKROOT = iphoneos;
				SWIFT_ACTIVE_COMPILATION_CONDITIONS = DEBUG;
				SWIFT_OPTIMIZATION_LEVEL = "-Onone";
			};
			name = Debug;
		};
		AC6CD5AF2BC42C830007DDA5 /* Release */ = {
			isa = XCBuildConfiguration;
			buildSettings = {
				ALWAYS_SEARCH_USER_PATHS = NO;
				CLANG_ANALYZER_NONNULL = YES;
				CLANG_ANALYZER_NUMBER_OBJECT_CONVERSION = YES_AGGRESSIVE;
				CLANG_CXX_LANGUAGE_STANDARD = "gnu++20";
				CLANG_ENABLE_MODULES = YES;
				CLANG_ENABLE_OBJC_ARC = YES;
				CLANG_ENABLE_OBJC_WEAK = YES;
				CLANG_WARN_BLOCK_CAPTURE_AUTORELEASING = YES;
				CLANG_WARN_BOOL_CONVERSION = YES;
				CLANG_WARN_COMMA = YES;
				CLANG_WARN_CONSTANT_CONVERSION = YES;
				CLANG_WARN_DEPRECATED_OBJC_IMPLEMENTATIONS = YES;
				CLANG_WARN_DIRECT_OBJC_ISA_USAGE = YES_ERROR;
				CLANG_WARN_DOCUMENTATION_COMMENTS = YES;
				CLANG_WARN_EMPTY_BODY = YES;
				CLANG_WARN_ENUM_CONVERSION = YES;
				CLANG_WARN_INFINITE_RECURSION = YES;
				CLANG_WARN_INT_CONVERSION = YES;
				CLANG_WARN_NON_LITERAL_NULL_CONVERSION = YES;
				CLANG_WARN_OBJC_IMPLICIT_RETAIN_SELF = YES;
				CLANG_WARN_OBJC_LITERAL_CONVERSION = YES;
				CLANG_WARN_OBJC_ROOT_CLASS = YES_ERROR;
				CLANG_WARN_QUOTED_INCLUDE_IN_FRAMEWORK_HEADER = YES;
				CLANG_WARN_RANGE_LOOP_ANALYSIS = YES;
				CLANG_WARN_STRICT_PROTOTYPES = YES;
				CLANG_WARN_SUSPICIOUS_MOVE = YES;
				CLANG_WARN_UNGUARDED_AVAILABILITY = YES_AGGRESSIVE;
				CLANG_WARN_UNREACHABLE_CODE = YES;
				CLANG_WARN__DUPLICATE_METHOD_MATCH = YES;
				COPY_PHASE_STRIP = NO;
				DEBUG_INFORMATION_FORMAT = "dwarf-with-dsym";
				ENABLE_NS_ASSERTIONS = NO;
				ENABLE_STRICT_OBJC_MSGSEND = YES;
				GCC_C_LANGUAGE_STANDARD = gnu11;
				GCC_NO_COMMON_BLOCKS = YES;
				GCC_WARN_64_TO_32_BIT_CONVERSION = YES;
				GCC_WARN_ABOUT_RETURN_TYPE = YES_ERROR;
				GCC_WARN_UNDECLARED_SELECTOR = YES;
				GCC_WARN_UNINITIALIZED_AUTOS = YES_AGGRESSIVE;
				GCC_WARN_UNUSED_FUNCTION = YES;
				GCC_WARN_UNUSED_VARIABLE = YES;
				IPHONEOS_DEPLOYMENT_TARGET = 16.4;
				MTL_ENABLE_DEBUG_INFO = NO;
				MTL_FAST_MATH = YES;
				SDKROOT = iphoneos;
				SWIFT_COMPILATION_MODE = wholemodule;
				SWIFT_OPTIMIZATION_LEVEL = "-O";
				VALIDATE_PRODUCT = YES;
			};
			name = Release;
		};
		AC6CD5B12BC42C830007DDA5 /* Debug */ = {
			isa = XCBuildConfiguration;
			buildSettings = {
				ASSETCATALOG_COMPILER_APPICON_NAME = AppIcon;
				ASSETCATALOG_COMPILER_GLOBAL_ACCENT_COLOR_NAME = AccentColor;
				CODE_SIGN_STYLE = Automatic;
				CURRENT_PROJECT_VERSION = 1;
				GENERATE_INFOPLIST_FILE = YES;
				INFOPLIST_FILE = "UIKIT Swift/Info.plist";
				INFOPLIST_KEY_UIApplicationSupportsIndirectInputEvents = YES;
				INFOPLIST_KEY_UILaunchStoryboardName = LaunchScreen;
				INFOPLIST_KEY_UIMainStoryboardFile = Main;
				INFOPLIST_KEY_UISupportedInterfaceOrientations_iPad = "UIInterfaceOrientationPortrait UIInterfaceOrientationPortraitUpsideDown UIInterfaceOrientationLandscapeLeft UIInterfaceOrientationLandscapeRight";
				INFOPLIST_KEY_UISupportedInterfaceOrientations_iPhone = "UIInterfaceOrientationPortrait UIInterfaceOrientationLandscapeLeft UIInterfaceOrientationLandscapeRight";
				LD_RUNPATH_SEARCH_PATHS = (
					"$(inherited)",
					"@executable_path/Frameworks",
				);
				MARKETING_VERSION = 1.0;
				PRODUCT_BUNDLE_IDENTIFIER = "br.com.wemg.UIKIT-Swift";
				PRODUCT_NAME = "$(TARGET_NAME)";
				SWIFT_EMIT_LOC_STRINGS = YES;
				SWIFT_VERSION = 5.0;
				TARGETED_DEVICE_FAMILY = "1,2";
			};
			name = Debug;
		};
		AC6CD5B22BC42C830007DDA5 /* Release */ = {
			isa = XCBuildConfiguration;
			buildSettings = {
				ASSETCATALOG_COMPILER_APPICON_NAME = AppIcon;
				ASSETCATALOG_COMPILER_GLOBAL_ACCENT_COLOR_NAME = AccentColor;
				CODE_SIGN_STYLE = Automatic;
				CURRENT_PROJECT_VERSION = 1;
				GENERATE_INFOPLIST_FILE = YES;
				INFOPLIST_FILE = "UIKIT Swift/Info.plist";
				INFOPLIST_KEY_UIApplicationSupportsIndirectInputEvents = YES;
				INFOPLIST_KEY_UILaunchStoryboardName = LaunchScreen;
				INFOPLIST_KEY_UIMainStoryboardFile = Main;
				INFOPLIST_KEY_UISupportedInterfaceOrientations_iPad = "UIInterfaceOrientationPortrait UIInterfaceOrientationPortraitUpsideDown UIInterfaceOrientationLandscapeLeft UIInterfaceOrientationLandscapeRight";
				INFOPLIST_KEY_UISupportedInterfaceOrientations_iPhone = "UIInterfaceOrientationPortrait UIInterfaceOrientationLandscapeLeft UIInterfaceOrientationLandscapeRight";
				LD_RUNPATH_SEARCH_PATHS = (
					"$(inherited)",
					"@executable_path/Frameworks",
				);
				MARKETING_VERSION = 1.0;
				PRODUCT_BUNDLE_IDENTIFIER = "br.com.wemg.UIKIT-Swift";
				PRODUCT_NAME = "$(TARGET_NAME)";
				SWIFT_EMIT_LOC_STRINGS = YES;
				SWIFT_VERSION = 5.0;
				TARGETED_DEVICE_FAMILY = "1,2";
			};
			name = Release;
		};
		AC6CD5B42BC42C830007DDA5 /* Debug */ = {
			isa = XCBuildConfiguration;
			buildSettings = {
				ALWAYS_EMBED_SWIFT_STANDARD_LIBRARIES = YES;
				BUNDLE_LOADER = "$(TEST_HOST)";
				CODE_SIGN_STYLE = Automatic;
				CURRENT_PROJECT_VERSION = 1;
				GENERATE_INFOPLIST_FILE = YES;
				IPHONEOS_DEPLOYMENT_TARGET = 16.4;
				MARKETING_VERSION = 1.0;
				PRODUCT_BUNDLE_IDENTIFIER = "br.com.wemg.UIKIT-SwiftTests";
				PRODUCT_NAME = "$(TARGET_NAME)";
				SWIFT_EMIT_LOC_STRINGS = NO;
				SWIFT_VERSION = 5.0;
				TARGETED_DEVICE_FAMILY = "1,2";
				TEST_HOST = "$(BUILT_PRODUCTS_DIR)/UIKIT Swift.app/$(BUNDLE_EXECUTABLE_FOLDER_PATH)/UIKIT Swift";
			};
			name = Debug;
		};
		AC6CD5B52BC42C830007DDA5 /* Release */ = {
			isa = XCBuildConfiguration;
			buildSettings = {
				ALWAYS_EMBED_SWIFT_STANDARD_LIBRARIES = YES;
				BUNDLE_LOADER = "$(TEST_HOST)";
				CODE_SIGN_STYLE = Automatic;
				CURRENT_PROJECT_VERSION = 1;
				GENERATE_INFOPLIST_FILE = YES;
				IPHONEOS_DEPLOYMENT_TARGET = 16.4;
				MARKETING_VERSION = 1.0;
				PRODUCT_BUNDLE_IDENTIFIER = "br.com.wemg.UIKIT-SwiftTests";
				PRODUCT_NAME = "$(TARGET_NAME)";
				SWIFT_EMIT_LOC_STRINGS = NO;
				SWIFT_VERSION = 5.0;
				TARGETED_DEVICE_FAMILY = "1,2";
				TEST_HOST = "$(BUILT_PRODUCTS_DIR)/UIKIT Swift.app/$(BUNDLE_EXECUTABLE_FOLDER_PATH)/UIKIT Swift";
			};
			name = Release;
		};
		AC6CD5B72BC42C830007DDA5 /* Debug */ = {
			isa = XCBuildConfiguration;
			buildSettings = {
				ALWAYS_EMBED_SWIFT_STANDARD_LIBRARIES = YES;
				CODE_SIGN_STYLE = Automatic;
				CURRENT_PROJECT_VERSION = 1;
				GENERATE_INFOPLIST_FILE = YES;
				MARKETING_VERSION = 1.0;
				PRODUCT_BUNDLE_IDENTIFIER = "br.com.wemg.UIKIT-SwiftUITests";
				PRODUCT_NAME = "$(TARGET_NAME)";
				SWIFT_EMIT_LOC_STRINGS = NO;
				SWIFT_VERSION = 5.0;
				TARGETED_DEVICE_FAMILY = "1,2";
				TEST_TARGET_NAME = "UIKIT Swift";
			};
			name = Debug;
		};
		AC6CD5B82BC42C830007DDA5 /* Release */ = {
			isa = XCBuildConfiguration;
			buildSettings = {
				ALWAYS_EMBED_SWIFT_STANDARD_LIBRARIES = YES;
				CODE_SIGN_STYLE = Automatic;
				CURRENT_PROJECT_VERSION = 1;
				GENERATE_INFOPLIST_FILE = YES;
				MARKETING_VERSION = 1.0;
				PRODUCT_BUNDLE_IDENTIFIER = "br.com.wemg.UIKIT-SwiftUITests";
				PRODUCT_NAME = "$(TARGET_NAME)";
				SWIFT_EMIT_LOC_STRINGS = NO;
				SWIFT_VERSION = 5.0;
				TARGETED_DEVICE_FAMILY = "1,2";
				TEST_TARGET_NAME = "UIKIT Swift";
			};
			name = Release;
		};
/* End XCBuildConfiguration section */

/* Begin XCConfigurationList section */
		AC6CD5812BC42C7F0007DDA5 /* Build configuration list for PBXProject "UIKIT Swift" */ = {
			isa = XCConfigurationList;
			buildConfigurations = (
				AC6CD5AE2BC42C830007DDA5 /* Debug */,
				AC6CD5AF2BC42C830007DDA5 /* Release */,
			);
			defaultConfigurationIsVisible = 0;
			defaultConfigurationName = Release;
		};
		AC6CD5B02BC42C830007DDA5 /* Build configuration list for PBXNativeTarget "UIKIT Swift" */ = {
			isa = XCConfigurationList;
			buildConfigurations = (
				AC6CD5B12BC42C830007DDA5 /* Debug */,
				AC6CD5B22BC42C830007DDA5 /* Release */,
			);
			defaultConfigurationIsVisible = 0;
			defaultConfigurationName = Release;
		};
		AC6CD5B32BC42C830007DDA5 /* Build configuration list for PBXNativeTarget "UIKIT SwiftTests" */ = {
			isa = XCConfigurationList;
			buildConfigurations = (
				AC6CD5B42BC42C830007DDA5 /* Debug */,
				AC6CD5B52BC42C830007DDA5 /* Release */,
			);
			defaultConfigurationIsVisible = 0;
			defaultConfigurationName = Release;
		};
		AC6CD5B62BC42C830007DDA5 /* Build configuration list for PBXNativeTarget "UIKIT SwiftUITests" */ = {
			isa = XCConfigurationList;
			buildConfigurations = (
				AC6CD5B72BC42C830007DDA5 /* Debug */,
				AC6CD5B82BC42C830007DDA5 /* Release */,
			);
			defaultConfigurationIsVisible = 0;
			defaultConfigurationName = Release;
		};
/* End XCConfigurationList section */
	};
	rootObject = AC6CD57E2BC42C7F0007DDA5 /* Project object */;
}
